
Microsoft Visual Studio Solution File, Format Version 12.00
# Visual Studio Version 16
VisualStudioVersion = 16.0.31129.286
MinimumVisualStudioVersion = 10.0.40219.1
Project("{FAE04EC0-301F-11D3-BF4B-00C04F79EFBC}") = "WindowsFormsApp4", "WindowsFormsApp4\WindowsFormsApp4.csproj", "{9B4CFF38-CC78-455B-80D2-4B8BCC02E566}"
EndProject
Global
	GlobalSection(SolutionConfigurationPlatforms) = preSolution
		Debug|Any CPU = Debug|Any CPU
		Release|Any CPU = Release|Any CPU
	EndGlobalSection
	GlobalSection(ProjectConfigurationPlatforms) = postSolution
		{9B4CFF38-CC78-455B-80D2-4B8BCC02E566}.Debug|Any CPU.ActiveCfg = Debug|Any CPU
		{9B4CFF38-CC78-455B-80D2-4B8BCC02E566}.Debug|Any CPU.Build.0 = Debug|Any CPU
		{9B4CFF38-CC78-455B-80D2-4B8BCC02E566}.Release|Any CPU.ActiveCfg = Release|Any CPU
		{9B4CFF38-CC78-455B-80D2-4B8BCC02E566}.Release|Any CPU.Build.0 = Release|Any CPU
	EndGlobalSection
	GlobalSection(SolutionProperties) = preSolution
		HideSolutionNode = FALSE
	EndGlobalSection
	GlobalSection(ExtensibilityGlobals) = postSolution
		SolutionGuid = {93FE8BD2-E21A-4E50-97C5-368DCE551734}
	EndGlobalSection
EndGlobal
