
Microsoft Visual Studio Solution File, Format Version 12.00
# Visual Studio Version 16
VisualStudioVersion = 16.0.31129.286
MinimumVisualStudioVersion = 10.0.40219.1
Project("{FAE04EC0-301F-11D3-BF4B-00C04F79EFBC}") = "WindowsFormsApp5", "WindowsFormsApp5\WindowsFormsApp5.csproj", "{823E811D-331C-4EF4-A173-649B83507245}"
EndProject
Global
	GlobalSection(SolutionConfigurationPlatforms) = preSolution
		Debug|Any CPU = Debug|Any CPU
		Release|Any CPU = Release|Any CPU
	EndGlobalSection
	GlobalSection(ProjectConfigurationPlatforms) = postSolution
		{823E811D-331C-4EF4-A173-649B83507245}.Debug|Any CPU.ActiveCfg = Debug|Any CPU
		{823E811D-331C-4EF4-A173-649B83507245}.Debug|Any CPU.Build.0 = Debug|Any CPU
		{823E811D-331C-4EF4-A173-649B83507245}.Release|Any CPU.ActiveCfg = Release|Any CPU
		{823E811D-331C-4EF4-A173-649B83507245}.Release|Any CPU.Build.0 = Release|Any CPU
	EndGlobalSection
	GlobalSection(SolutionProperties) = preSolution
		HideSolutionNode = FALSE
	EndGlobalSection
	GlobalSection(ExtensibilityGlobals) = postSolution
		SolutionGuid = {EAEFAEA8-D9F9-4985-AC62-1E45B6362A4F}
	EndGlobalSection
EndGlobal
