
Microsoft Visual Studio Solution File, Format Version 12.00
# Visual Studio Version 16
VisualStudioVersion = 16.0.31129.286
MinimumVisualStudioVersion = 10.0.40219.1
Project("{FAE04EC0-301F-11D3-BF4B-00C04F79EFBC}") = "WindowsFormsApp1", "WindowsFormsApp1\WindowsFormsApp1.csproj", "{C24D3A26-EE2D-449A-B60E-81D2C1D69916}"
EndProject
Global
	GlobalSection(SolutionConfigurationPlatforms) = preSolution
		Debug|Any CPU = Debug|Any CPU
		Release|Any CPU = Release|Any CPU
	EndGlobalSection
	GlobalSection(ProjectConfigurationPlatforms) = postSolution
		{C24D3A26-EE2D-449A-B60E-81D2C1D69916}.Debug|Any CPU.ActiveCfg = Debug|Any CPU
		{C24D3A26-EE2D-449A-B60E-81D2C1D69916}.Debug|Any CPU.Build.0 = Debug|Any CPU
		{C24D3A26-EE2D-449A-B60E-81D2C1D69916}.Release|Any CPU.ActiveCfg = Release|Any CPU
		{C24D3A26-EE2D-449A-B60E-81D2C1D69916}.Release|Any CPU.Build.0 = Release|Any CPU
	EndGlobalSection
	GlobalSection(SolutionProperties) = preSolution
		HideSolutionNode = FALSE
	EndGlobalSection
	GlobalSection(ExtensibilityGlobals) = postSolution
		SolutionGuid = {4170B17D-018C-44F7-920A-4B037BA6B0F9}
	EndGlobalSection
EndGlobal
