
Microsoft Visual Studio Solution File, Format Version 12.00
# Visual Studio Version 16
VisualStudioVersion = 16.0.31129.286
MinimumVisualStudioVersion = 10.0.40219.1
Project("{FAE04EC0-301F-11D3-BF4B-00C04F79EFBC}") = "ConsoleApp1", "ConsoleApp1\ConsoleApp1.csproj", "{EA693BF8-F265-4E20-B91E-2F3A5F911651}"
EndProject
Global
	GlobalSection(SolutionConfigurationPlatforms) = preSolution
		Debug|Any CPU = Debug|Any CPU
		Release|Any CPU = Release|Any CPU
	EndGlobalSection
	GlobalSection(ProjectConfigurationPlatforms) = postSolution
		{EA693BF8-F265-4E20-B91E-2F3A5F911651}.Debug|Any CPU.ActiveCfg = Debug|Any CPU
		{EA693BF8-F265-4E20-B91E-2F3A5F911651}.Debug|Any CPU.Build.0 = Debug|Any CPU
		{EA693BF8-F265-4E20-B91E-2F3A5F911651}.Release|Any CPU.ActiveCfg = Release|Any CPU
		{EA693BF8-F265-4E20-B91E-2F3A5F911651}.Release|Any CPU.Build.0 = Release|Any CPU
	EndGlobalSection
	GlobalSection(SolutionProperties) = preSolution
		HideSolutionNode = FALSE
	EndGlobalSection
	GlobalSection(ExtensibilityGlobals) = postSolution
		SolutionGuid = {AAD708B7-0BA5-4F16-8A60-2CB1BDCB9E62}
	EndGlobalSection
EndGlobal
