
Microsoft Visual Studio Solution File, Format Version 12.00
# Visual Studio Version 16
VisualStudioVersion = 16.0.31129.286
MinimumVisualStudioVersion = 10.0.40219.1
Project("{FAE04EC0-301F-11D3-BF4B-00C04F79EFBC}") = "WindowsFormsApp3", "WindowsFormsApp3\WindowsFormsApp3.csproj", "{5E1979F3-BA5F-4CA4-B7D6-51E37464018C}"
EndProject
Global
	GlobalSection(SolutionConfigurationPlatforms) = preSolution
		Debug|Any CPU = Debug|Any CPU
		Release|Any CPU = Release|Any CPU
	EndGlobalSection
	GlobalSection(ProjectConfigurationPlatforms) = postSolution
		{5E1979F3-BA5F-4CA4-B7D6-51E37464018C}.Debug|Any CPU.ActiveCfg = Debug|Any CPU
		{5E1979F3-BA5F-4CA4-B7D6-51E37464018C}.Debug|Any CPU.Build.0 = Debug|Any CPU
		{5E1979F3-BA5F-4CA4-B7D6-51E37464018C}.Release|Any CPU.ActiveCfg = Release|Any CPU
		{5E1979F3-BA5F-4CA4-B7D6-51E37464018C}.Release|Any CPU.Build.0 = Release|Any CPU
	EndGlobalSection
	GlobalSection(SolutionProperties) = preSolution
		HideSolutionNode = FALSE
	EndGlobalSection
	GlobalSection(ExtensibilityGlobals) = postSolution
		SolutionGuid = {8638AFFB-A4BA-41DA-A032-150A2554240A}
	EndGlobalSection
EndGlobal
